// !$*UTF8*$!
{
	archiveVersion = 1;
	classes = {
	};
	objectVersion = 77;
	objects = {

/* Begin PBXContainerItemProxy section */
		928271F32E93A83C00118C0D /* PBXContainerItemProxy */ = {
			isa = PBXContainerItemProxy;
			containerPortal = 928271DD2E93A83A00118C0D /* Project object */;
			proxyType = 1;
			remoteGlobalIDString = 928271E42E93A83A00118C0D;
			remoteInfo = "Demo-Speckit-messageApp";
		};
		928271FD2E93A83C00118C0D /* PBXContainerItemProxy */ = {
			isa = PBXContainerItemProxy;
			containerPortal = 928271DD2E93A83A00118C0D /* Project object */;
			proxyType = 1;
			remoteGlobalIDString = 928271E42E93A83A00118C0D;
			remoteInfo = "Demo-Speckit-messageApp";
		};
/* End PBXContainerItemProxy section */

/* Begin PBXFileReference section */
		928271E52E93A83A00118C0D /* Demo-Speckit-messageApp.app */ = {isa = PBXFileReference; explicitFileType = wrapper.application; includeInIndex = 0; path = "Demo-Speckit-messageApp.app"; sourceTree = BUILT_PRODUCTS_DIR; };
		928271F22E93A83C00118C0D /* Demo-Speckit-messageAppTests.xctest */ = {isa = PBXFileReference; explicitFileType = wrapper.cfbundle; includeInIndex = 0; path = "Demo-Speckit-messageAppTests.xctest"; sourceTree = BUILT_PRODUCTS_DIR; };
		928271FC2E93A83C00118C0D /* Demo-Speckit-messageAppUITests.xctest */ = {isa = PBXFileReference; explicitFileType = wrapper.cfbundle; includeInIndex = 0; path = "Demo-Speckit-messageAppUITests.xctest"; sourceTree = BUILT_PRODUCTS_DIR; };
/* End PBXFileReference section */

/* Begin PBXFileSystemSynchronizedBuildFileExceptionSet section */
		92A261DB2E9651EE0047C86A /* Exceptions for "Demo-Speckit-messageAppUITests" folder in "Demo-Speckit-messageApp" target */ = {
			isa = PBXFileSystemSynchronizedBuildFileExceptionSet;
			membershipExceptions = (
				.gemini/commands/analyze.toml,
				.gemini/commands/clarify.toml,
				.gemini/commands/constitution.toml,
				.gemini/commands/implement.toml,
				.gemini/commands/plan.toml,
				.gemini/commands/specify.toml,
				.gemini/commands/tasks.toml,
				.github/workflows/ci.yml,
				.specify/memory/constitution.md,
				.specify/memory/specify.md,
				".specify/scripts/bash/check-prerequisites.sh",
				.specify/scripts/bash/common.sh,
				".specify/scripts/bash/create-new-feature.sh",
				".specify/scripts/bash/setup-plan.sh",
				".specify/scripts/bash/update-agent-context.sh",
				".specify/templates/agent-file-template.md",
				".specify/templates/plan-template.md",
				".specify/templates/spec-template.md",
				".specify/templates/tasks-template.md",
				CoreData/ChatEntity.swift,
				CoreData/CoreDataStack.swift,
				CoreData/MessageEntity.swift,
				Models/Chat.swift,
				Models/Media.swift,
				Models/Message.swift,
				Models/User.swift,
				README.md,
				Services/MattermostAPIService.swift,
				"specs/001-ios-swiftui-mattermost/plan.md",
				"specs/001-ios-swiftui-mattermost/spec.md",
				"specs/001-ios-swiftui-mattermost/tasks.md",
				Tests/Integration/MessageSyncIntegrationTests.swift,
				Tests/Integration/PushNotificationIntegrationTests.swift,
				Tests/Integration/ThemeIntegrationTests.swift,
				Tests/Unit/ChatModelTests.swift,
				Tests/Unit/MattermostAPIServiceTests.swift,
				Tests/Unit/MediaModelTests.swift,
				Tests/Unit/MessageModelTests.swift,
				Tests/Unit/UserModelTests.swift,
				ViewModels/ChatListViewModel.swift,
				ViewModels/ChatViewModel.swift,
				Views/ChatListView.swift,
				Views/ChatView.swift,
			);
			target = 928271E42E93A83A00118C0D /* Demo-Speckit-messageApp */;
		};
		92A261DE2E9652B60047C86A /* Exceptions for "Demo-Speckit-messageAppUITests" folder in "Demo-Speckit-messageAppUITests" target */ = {
			isa = PBXFileSystemSynchronizedBuildFileExceptionSet;
			membershipExceptions = (
				Tests/Unit/MediaModelTests.swift,
			);
			target = 928271FB2E93A83C00118C0D /* Demo-Speckit-messageAppUITests */;
		};
/* End PBXFileSystemSynchronizedBuildFileExceptionSet section */

/* Begin PBXFileSystemSynchronizedRootGroup section */
		928271E72E93A83A00118C0D /* Demo-Speckit-messageApp */ = {
			isa = PBXFileSystemSynchronizedRootGroup;
			path = "Demo-Speckit-messageApp";
			sourceTree = "<group>";
		};
		928271F52E93A83C00118C0D /* Demo-Speckit-messageAppTests */ = {
			isa = PBXFileSystemSynchronizedRootGroup;
			path = "Demo-Speckit-messageAppTests";
			sourceTree = "<group>";
		};
		928271FF2E93A83C00118C0D /* Demo-Speckit-messageAppUITests */ = {
			isa = PBXFileSystemSynchronizedRootGroup;
			exceptions = (
				92A261DB2E9651EE0047C86A /* Exceptions for "Demo-Speckit-messageAppUITests" folder in "Demo-Speckit-messageApp" target */,
				92A261DE2E9652B60047C86A /* Exceptions for "Demo-Speckit-messageAppUITests" folder in "Demo-Speckit-messageAppUITests" target */,
			);
			path = "Demo-Speckit-messageAppUITests";
			sourceTree = "<group>";
		};
/* End PBXFileSystemSynchronizedRootGroup section */

/* Begin PBXFrameworksBuildPhase section */
		928271E22E93A83A00118C0D /* Frameworks */ = {
			isa = PBXFrameworksBuildPhase;
			buildActionMask = 2147483647;
			files = (
			);
			runOnlyForDeploymentPostprocessing = 0;
		};
		928271EF2E93A83C00118C0D /* Frameworks */ = {
			isa = PBXFrameworksBuildPhase;
			buildActionMask = 2147483647;
			files = (
			);
			runOnlyForDeploymentPostprocessing = 0;
		};
		928271F92E93A83C00118C0D /* Frameworks */ = {
			isa = PBXFrameworksBuildPhase;
			buildActionMask = 2147483647;
			files = (
			);
			runOnlyForDeploymentPostprocessing = 0;
		};
/* End PBXFrameworksBuildPhase section */

/* Begin PBXGroup section */
		928271DC2E93A83A00118C0D = {
			isa = PBXGroup;
			children = (
				928271E72E93A83A00118C0D /* Demo-Speckit-messageApp */,
				928271F52E93A83C00118C0D /* Demo-Speckit-messageAppTests */,
				928271FF2E93A83C00118C0D /* Demo-Speckit-messageAppUITests */,
				928271E62E93A83A00118C0D /* Products */,
			);
			sourceTree = "<group>";
		};
		928271E62E93A83A00118C0D /* Products */ = {
			isa = PBXGroup;
			children = (
				928271E52E93A83A00118C0D /* Demo-Speckit-messageApp.app */,
				928271F22E93A83C00118C0D /* Demo-Speckit-messageAppTests.xctest */,
				928271FC2E93A83C00118C0D /* Demo-Speckit-messageAppUITests.xctest */,
			);
			name = Products;
			sourceTree = "<group>";
		};
/* End PBXGroup section */

/* Begin PBXNativeTarget section */
		928271E42E93A83A00118C0D /* Demo-Speckit-messageApp */ = {
			isa = PBXNativeTarget;
			buildConfigurationList = 928272062E93A83C00118C0D /* Build configuration list for PBXNativeTarget "Demo-Speckit-messageApp" */;
			buildPhases = (
				928271E12E93A83A00118C0D /* Sources */,
				928271E22E93A83A00118C0D /* Frameworks */,
				928271E32E93A83A00118C0D /* Resources */,
			);
			buildRules = (
			);
			dependencies = (
			);
			fileSystemSynchronizedGroups = (
				928271E72E93A83A00118C0D /* Demo-Speckit-messageApp */,
			);
			name = "Demo-Speckit-messageApp";
			packageProductDependencies = (
			);
			productName = "Demo-Speckit-messageApp";
			productReference = 928271E52E93A83A00118C0D /* Demo-Speckit-messageApp.app */;
			productType = "com.apple.product-type.application";
		};
		928271F12E93A83C00118C0D /* Demo-Speckit-messageAppTests */ = {
			isa = PBXNativeTarget;
			buildConfigurationList = 928272092E93A83C00118C0D /* Build configuration list for PBXNativeTarget "Demo-Speckit-messageAppTests" */;
			buildPhases = (
				928271EE2E93A83C00118C0D /* Sources */,
				928271EF2E93A83C00118C0D /* Frameworks */,
				928271F02E93A83C00118C0D /* Resources */,
			);
			buildRules = (
			);
			dependencies = (
				928271F42E93A83C00118C0D /* PBXTargetDependency */,
			);
			fileSystemSynchronizedGroups = (
				928271F52E93A83C00118C0D /* Demo-Speckit-messageAppTests */,
			);
			name = "Demo-Speckit-messageAppTests";
			packageProductDependencies = (
			);
			productName = "Demo-Speckit-messageAppTests";
			productReference = 928271F22E93A83C00118C0D /* Demo-Speckit-messageAppTests.xctest */;
			productType = "com.apple.product-type.bundle.unit-test";
		};
		928271FB2E93A83C00118C0D /* Demo-Speckit-messageAppUITests */ = {
			isa = PBXNativeTarget;
			buildConfigurationList = 9282720C2E93A83C00118C0D /* Build configuration list for PBXNativeTarget "Demo-Speckit-messageAppUITests" */;
			buildPhases = (
				928271F82E93A83C00118C0D /* Sources */,
				928271F92E93A83C00118C0D /* Frameworks */,
				928271FA2E93A83C00118C0D /* Resources */,
			);
			buildRules = (
			);
			dependencies = (
				928271FE2E93A83C00118C0D /* PBXTargetDependency */,
			);
			fileSystemSynchronizedGroups = (
				928271FF2E93A83C00118C0D /* Demo-Speckit-messageAppUITests */,
			);
			name = "Demo-Speckit-messageAppUITests";
			packageProductDependencies = (
			);
			productName = "Demo-Speckit-messageAppUITests";
			productReference = 928271FC2E93A83C00118C0D /* Demo-Speckit-messageAppUITests.xctest */;
			productType = "com.apple.product-type.bundle.ui-testing";
		};
/* End PBXNativeTarget section */

/* Begin PBXProject section */
		928271DD2E93A83A00118C0D /* Project object */ = {
			isa = PBXProject;
			attributes = {
				BuildIndependentTargetsInParallel = 1;
				LastSwiftUpdateCheck = 1640;
				LastUpgradeCheck = 1640;
				TargetAttributes = {
					928271E42E93A83A00118C0D = {
						CreatedOnToolsVersion = 16.4;
					};
					928271F12E93A83C00118C0D = {
						CreatedOnToolsVersion = 16.4;
						TestTargetID = 928271E42E93A83A00118C0D;
					};
					928271FB2E93A83C00118C0D = {
						CreatedOnToolsVersion = 16.4;
						TestTargetID = 928271E42E93A83A00118C0D;
					};
				};
			};
			buildConfigurationList = 928271E02E93A83A00118C0D /* Build configuration list for PBXProject "Demo-Speckit-messageApp" */;
			developmentRegion = en;
			hasScannedForEncodings = 0;
			knownRegions = (
				en,
				Base,
			);
			mainGroup = 928271DC2E93A83A00118C0D;
			minimizedProjectReferenceProxies = 1;
			preferredProjectObjectVersion = 77;
			productRefGroup = 928271E62E93A83A00118C0D /* Products */;
			projectDirPath = "";
			projectRoot = "";
			targets = (
				928271E42E93A83A00118C0D /* Demo-Speckit-messageApp */,
				928271F12E93A83C00118C0D /* Demo-Speckit-messageAppTests */,
				928271FB2E93A83C00118C0D /* Demo-Speckit-messageAppUITests */,
			);
		};
/* End PBXProject section */

/* Begin PBXResourcesBuildPhase section */
		928271E32E93A83A00118C0D /* Resources */ = {
			isa = PBXResourcesBuildPhase;
			buildActionMask = 2147483647;
			files = (
			);
			runOnlyForDeploymentPostprocessing = 0;
		};
		928271F02E93A83C00118C0D /* Resources */ = {
			isa = PBXResourcesBuildPhase;
			buildActionMask = 2147483647;
			files = (
			);
			runOnlyForDeploymentPostprocessing = 0;
		};
		928271FA2E93A83C00118C0D /* Resources */ = {
			isa = PBXResourcesBuildPhase;
			buildActionMask = 2147483647;
			files = (
			);
			runOnlyForDeploymentPostprocessing = 0;
		};
/* End PBXResourcesBuildPhase section */

/* Begin PBXSourcesBuildPhase section */
		928271E12E93A83A00118C0D /* Sources */ = {
			isa = PBXSourcesBuildPhase;
			buildActionMask = 2147483647;
			files = (
			);
			runOnlyForDeploymentPostprocessing = 0;
		};
		928271EE2E93A83C00118C0D /* Sources */ = {
			isa = PBXSourcesBuildPhase;
			buildActionMask = 2147483647;
			files = (
			);
			runOnlyForDeploymentPostprocessing = 0;
		};
		928271F82E93A83C00118C0D /* Sources */ = {
			isa = PBXSourcesBuildPhase;
			buildActionMask = 2147483647;
			files = (
			);
			runOnlyForDeploymentPostprocessing = 0;
		};
/* End PBXSourcesBuildPhase section */

/* Begin PBXTargetDependency section */
		928271F42E93A83C00118C0D /* PBXTargetDependency */ = {
			isa = PBXTargetDependency;
			target = 928271E42E93A83A00118C0D /* Demo-Speckit-messageApp */;
			targetProxy = 928271F32E93A83C00118C0D /* PBXContainerItemProxy */;
		};
		928271FE2E93A83C00118C0D /* PBXTargetDependency */ = {
			isa = PBXTargetDependency;
			target = 928271E42E93A83A00118C0D /* Demo-Speckit-messageApp */;
			targetProxy = 928271FD2E93A83C00118C0D /* PBXContainerItemProxy */;
		};
/* End PBXTargetDependency section */

/* Begin XCBuildConfiguration section */
		928272042E93A83C00118C0D /* Debug */ = {
			isa = XCBuildConfiguration;
			buildSettings = {
				ALWAYS_SEARCH_USER_PATHS = NO;
				ASSETCATALOG_COMPILER_GENERATE_SWIFT_ASSET_SYMBOL_EXTENSIONS = YES;
				CLANG_ANALYZER_NONNULL = YES;
				CLANG_ANALYZER_NUMBER_OBJECT_CONVERSION = YES_AGGRESSIVE;
				CLANG_CXX_LANGUAGE_STANDARD = "gnu++20";
				CLANG_ENABLE_MODULES = YES;
				CLANG_ENABLE_OBJC_ARC = YES;
				CLANG_ENABLE_OBJC_WEAK = YES;
				CLANG_WARN_BLOCK_CAPTURE_AUTORELEASING = YES;
				CLANG_WARN_BOOL_CONVERSION = YES;
				CLANG_WARN_COMMA = YES;
				CLANG_WARN_CONSTANT_CONVERSION = YES;
				CLANG_WARN_DEPRECATED_OBJC_IMPLEMENTATIONS = YES;
				CLANG_WARN_DIRECT_OBJC_ISA_USAGE = YES_ERROR;
				CLANG_WARN_DOCUMENTATION_COMMENTS = YES;
				CLANG_WARN_EMPTY_BODY = YES;
				CLANG_WARN_ENUM_CONVERSION = YES;
				CLANG_WARN_INFINITE_RECURSION = YES;
				CLANG_WARN_INT_CONVERSION = YES;
				CLANG_WARN_NON_LITERAL_NULL_CONVERSION = YES;
				CLANG_WARN_OBJC_IMPLICIT_RETAIN_SELF = YES;
				CLANG_WARN_OBJC_LITERAL_CONVERSION = YES;
				CLANG_WARN_OBJC_ROOT_CLASS = YES_ERROR;
				CLANG_WARN_QUOTED_INCLUDE_IN_FRAMEWORK_HEADER = YES;
				CLANG_WARN_RANGE_LOOP_ANALYSIS = YES;
				CLANG_WARN_STRICT_PROTOTYPES = YES;
				CLANG_WARN_SUSPICIOUS_MOVE = YES;
				CLANG_WARN_UNGUARDED_AVAILABILITY = YES_AGGRESSIVE;
				CLANG_WARN_UNREACHABLE_CODE = YES;
				CLANG_WARN__DUPLICATE_METHOD_MATCH = YES;
				COPY_PHASE_STRIP = NO;
				DEBUG_INFORMATION_FORMAT = dwarf;
				DEVELOPMENT_TEAM = DK9LV2URCW;
				ENABLE_STRICT_OBJC_MSGSEND = YES;
				ENABLE_TESTABILITY = YES;
				ENABLE_USER_SCRIPT_SANDBOXING = YES;
				GCC_C_LANGUAGE_STANDARD = gnu17;
				GCC_DYNAMIC_NO_PIC = NO;
				GCC_NO_COMMON_BLOCKS = YES;
				GCC_OPTIMIZATION_LEVEL = 0;
				GCC_PREPROCESSOR_DEFINITIONS = (
					"DEBUG=1",
					"$(inherited)",
				);
				GCC_WARN_64_TO_32_BIT_CONVERSION = YES;
				GCC_WARN_ABOUT_RETURN_TYPE = YES_ERROR;
				GCC_WARN_UNDECLARED_SELECTOR = YES;
				GCC_WARN_UNINITIALIZED_AUTOS = YES_AGGRESSIVE;
				GCC_WARN_UNUSED_FUNCTION = YES;
				GCC_WARN_UNUSED_VARIABLE = YES;
				IPHONEOS_DEPLOYMENT_TARGET = 18.5;
				LOCALIZATION_PREFERS_STRING_CATALOGS = YES;
				MTL_ENABLE_DEBUG_INFO = INCLUDE_SOURCE;
				MTL_FAST_MATH = YES;
				ONLY_ACTIVE_ARCH = YES;
				SDKROOT = iphoneos;
				SWIFT_ACTIVE_COMPILATION_CONDITIONS = "DEBUG $(inherited)";
				SWIFT_OPTIMIZATION_LEVEL = "-Onone";
			};
			name = Debug;
		};
		928272052E93A83C00118C0D /* Release */ = {
			isa = XCBuildConfiguration;
			buildSettings = {
				ALWAYS_SEARCH_USER_PATHS = NO;
				ASSETCATALOG_COMPILER_GENERATE_SWIFT_ASSET_SYMBOL_EXTENSIONS = YES;
				CLANG_ANALYZER_NONNULL = YES;
				CLANG_ANALYZER_NUMBER_OBJECT_CONVERSION = YES_AGGRESSIVE;
				CLANG_CXX_LANGUAGE_STANDARD = "gnu++20";
				CLANG_ENABLE_MODULES = YES;
				CLANG_ENABLE_OBJC_ARC = YES;
				CLANG_ENABLE_OBJC_WEAK = YES;
				CLANG_WARN_BLOCK_CAPTURE_AUTORELEASING = YES;
				CLANG_WARN_BOOL_CONVERSION = YES;
				CLANG_WARN_COMMA = YES;
				CLANG_WARN_CONSTANT_CONVERSION = YES;
				CLANG_WARN_DEPRECATED_OBJC_IMPLEMENTATIONS = YES;
				CLANG_WARN_DIRECT_OBJC_ISA_USAGE = YES_ERROR;
				CLANG_WARN_DOCUMENTATION_COMMENTS = YES;
				CLANG_WARN_EMPTY_BODY = YES;
				CLANG_WARN_ENUM_CONVERSION = YES;
				CLANG_WARN_INFINITE_RECURSION = YES;
				CLANG_WARN_INT_CONVERSION = YES;
				CLANG_WARN_NON_LITERAL_NULL_CONVERSION = YES;
				CLANG_WARN_OBJC_IMPLICIT_RETAIN_SELF = YES;
				CLANG_WARN_OBJC_LITERAL_CONVERSION = YES;
				CLANG_WARN_OBJC_ROOT_CLASS = YES_ERROR;
				CLANG_WARN_QUOTED_INCLUDE_IN_FRAMEWORK_HEADER = YES;
				CLANG_WARN_RANGE_LOOP_ANALYSIS = YES;
				CLANG_WARN_STRICT_PROTOTYPES = YES;
				CLANG_WARN_SUSPICIOUS_MOVE = YES;
				CLANG_WARN_UNGUARDED_AVAILABILITY = YES_AGGRESSIVE;
				CLANG_WARN_UNREACHABLE_CODE = YES;
				CLANG_WARN__DUPLICATE_METHOD_MATCH = YES;
				COPY_PHASE_STRIP = NO;
				DEBUG_INFORMATION_FORMAT = "dwarf-with-dsym";
				DEVELOPMENT_TEAM = DK9LV2URCW;
				ENABLE_NS_ASSERTIONS = NO;
				ENABLE_STRICT_OBJC_MSGSEND = YES;
				ENABLE_USER_SCRIPT_SANDBOXING = YES;
				GCC_C_LANGUAGE_STANDARD = gnu17;
				GCC_NO_COMMON_BLOCKS = YES;
				GCC_WARN_64_TO_32_BIT_CONVERSION = YES;
				GCC_WARN_ABOUT_RETURN_TYPE = YES_ERROR;
				GCC_WARN_UNDECLARED_SELECTOR = YES;
				GCC_WARN_UNINITIALIZED_AUTOS = YES_AGGRESSIVE;
				GCC_WARN_UNUSED_FUNCTION = YES;
				GCC_WARN_UNUSED_VARIABLE = YES;
				IPHONEOS_DEPLOYMENT_TARGET = 18.5;
				LOCALIZATION_PREFERS_STRING_CATALOGS = YES;
				MTL_ENABLE_DEBUG_INFO = NO;
				MTL_FAST_MATH = YES;
				SDKROOT = iphoneos;
				SWIFT_COMPILATION_MODE = wholemodule;
				VALIDATE_PRODUCT = YES;
			};
			name = Release;
		};
		928272072E93A83C00118C0D /* Debug */ = {
			isa = XCBuildConfiguration;
			buildSettings = {
				ASSETCATALOG_COMPILER_APPICON_NAME = AppIcon;
				ASSETCATALOG_COMPILER_GLOBAL_ACCENT_COLOR_NAME = AccentColor;
				CODE_SIGN_STYLE = Automatic;
				CURRENT_PROJECT_VERSION = 1;
				DEVELOPMENT_TEAM = DK9LV2URCW;
				ENABLE_PREVIEWS = YES;
				GENERATE_INFOPLIST_FILE = YES;
				INFOPLIST_KEY_UIApplicationSceneManifest_Generation = YES;
				INFOPLIST_KEY_UIApplicationSupportsIndirectInputEvents = YES;
				INFOPLIST_KEY_UILaunchScreen_Generation = YES;
				INFOPLIST_KEY_UISupportedInterfaceOrientations_iPad = "UIInterfaceOrientationPortrait UIInterfaceOrientationPortraitUpsideDown UIInterfaceOrientationLandscapeLeft UIInterfaceOrientationLandscapeRight";
				INFOPLIST_KEY_UISupportedInterfaceOrientations_iPhone = "UIInterfaceOrientationPortrait UIInterfaceOrientationLandscapeLeft UIInterfaceOrientationLandscapeRight";
				LD_RUNPATH_SEARCH_PATHS = (
					"$(inherited)",
					"@executable_path/Frameworks",
				);
				MARKETING_VERSION = 1.0;
				PRODUCT_BUNDLE_IDENTIFIER = "com.denisshturman.Demo-Speckit-messageApp";
				PRODUCT_NAME = "$(TARGET_NAME)";
				SWIFT_EMIT_LOC_STRINGS = YES;
				SWIFT_VERSION = 5.0;
				TARGETED_DEVICE_FAMILY = "1,2";
			};
			name = Debug;
		};
		928272082E93A83C00118C0D /* Release */ = {
			isa = XCBuildConfiguration;
			buildSettings = {
				ASSETCATALOG_COMPILER_APPICON_NAME = AppIcon;
				ASSETCATALOG_COMPILER_GLOBAL_ACCENT_COLOR_NAME = AccentColor;
				CODE_SIGN_STYLE = Automatic;
				CURRENT_PROJECT_VERSION = 1;
				DEVELOPMENT_TEAM = DK9LV2URCW;
				ENABLE_PREVIEWS = YES;
				GENERATE_INFOPLIST_FILE = YES;
				INFOPLIST_KEY_UIApplicationSceneManifest_Generation = YES;
				INFOPLIST_KEY_UIApplicationSupportsIndirectInputEvents = YES;
				INFOPLIST_KEY_UILaunchScreen_Generation = YES;
				INFOPLIST_KEY_UISupportedInterfaceOrientations_iPad = "UIInterfaceOrientationPortrait UIInterfaceOrientationPortraitUpsideDown UIInterfaceOrientationLandscapeLeft UIInterfaceOrientationLandscapeRight";
				INFOPLIST_KEY_UISupportedInterfaceOrientations_iPhone = "UIInterfaceOrientationPortrait UIInterfaceOrientationLandscapeLeft UIInterfaceOrientationLandscapeRight";
				LD_RUNPATH_SEARCH_PATHS = (
					"$(inherited)",
					"@executable_path/Frameworks",
				);
				MARKETING_VERSION = 1.0;
				PRODUCT_BUNDLE_IDENTIFIER = "com.denisshturman.Demo-Speckit-messageApp";
				PRODUCT_NAME = "$(TARGET_NAME)";
				SWIFT_EMIT_LOC_STRINGS = YES;
				SWIFT_VERSION = 5.0;
				TARGETED_DEVICE_FAMILY = "1,2";
			};
			name = Release;
		};
		9282720A2E93A83C00118C0D /* Debug */ = {
			isa = XCBuildConfiguration;
			buildSettings = {
				BUNDLE_LOADER = "$(TEST_HOST)";
				CODE_SIGN_STYLE = Automatic;
				CURRENT_PROJECT_VERSION = 1;
				DEVELOPMENT_TEAM = DK9LV2URCW;
				GENERATE_INFOPLIST_FILE = YES;
				IPHONEOS_DEPLOYMENT_TARGET = 18.5;
				MARKETING_VERSION = 1.0;
				PRODUCT_BUNDLE_IDENTIFIER = "com.denisshturman.Demo-Speckit-messageAppTests";
				PRODUCT_NAME = "$(TARGET_NAME)";
				SWIFT_EMIT_LOC_STRINGS = NO;
				SWIFT_VERSION = 5.0;
				TARGETED_DEVICE_FAMILY = "1,2";
				TEST_HOST = "$(BUILT_PRODUCTS_DIR)/Demo-Speckit-messageApp.app/$(BUNDLE_EXECUTABLE_FOLDER_PATH)/Demo-Speckit-messageApp";
			};
			name = Debug;
		};
		9282720B2E93A83C00118C0D /* Release */ = {
			isa = XCBuildConfiguration;
			buildSettings = {
				BUNDLE_LOADER = "$(TEST_HOST)";
				CODE_SIGN_STYLE = Automatic;
				CURRENT_PROJECT_VERSION = 1;
				DEVELOPMENT_TEAM = DK9LV2URCW;
				GENERATE_INFOPLIST_FILE = YES;
				IPHONEOS_DEPLOYMENT_TARGET = 18.5;
				MARKETING_VERSION = 1.0;
				PRODUCT_BUNDLE_IDENTIFIER = "com.denisshturman.Demo-Speckit-messageAppTests";
				PRODUCT_NAME = "$(TARGET_NAME)";
				SWIFT_EMIT_LOC_STRINGS = NO;
				SWIFT_VERSION = 5.0;
				TARGETED_DEVICE_FAMILY = "1,2";
				TEST_HOST = "$(BUILT_PRODUCTS_DIR)/Demo-Speckit-messageApp.app/$(BUNDLE_EXECUTABLE_FOLDER_PATH)/Demo-Speckit-messageApp";
			};
			name = Release;
		};
		9282720D2E93A83C00118C0D /* Debug */ = {
			isa = XCBuildConfiguration;
			buildSettings = {
				CODE_SIGN_STYLE = Automatic;
				CURRENT_PROJECT_VERSION = 1;
				DEVELOPMENT_TEAM = DK9LV2URCW;
				GENERATE_INFOPLIST_FILE = YES;
				MARKETING_VERSION = 1.0;
				PRODUCT_BUNDLE_IDENTIFIER = "com.denisshturman.Demo-Speckit-messageAppUITests";
				PRODUCT_NAME = "$(TARGET_NAME)";
				SWIFT_EMIT_LOC_STRINGS = NO;
				SWIFT_VERSION = 5.0;
				TARGETED_DEVICE_FAMILY = "1,2";
				TEST_TARGET_NAME = "Demo-Speckit-messageApp";
			};
			name = Debug;
		};
		9282720E2E93A83C00118C0D /* Release */ = {
			isa = XCBuildConfiguration;
			buildSettings = {
				CODE_SIGN_STYLE = Automatic;
				CURRENT_PROJECT_VERSION = 1;
				DEVELOPMENT_TEAM = DK9LV2URCW;
				GENERATE_INFOPLIST_FILE = YES;
				MARKETING_VERSION = 1.0;
				PRODUCT_BUNDLE_IDENTIFIER = "com.denisshturman.Demo-Speckit-messageAppUITests";
				PRODUCT_NAME = "$(TARGET_NAME)";
				SWIFT_EMIT_LOC_STRINGS = NO;
				SWIFT_VERSION = 5.0;
				TARGETED_DEVICE_FAMILY = "1,2";
				TEST_TARGET_NAME = "Demo-Speckit-messageApp";
			};
			name = Release;
		};
/* End XCBuildConfiguration section */

/* Begin XCConfigurationList section */
		928271E02E93A83A00118C0D /* Build configuration list for PBXProject "Demo-Speckit-messageApp" */ = {
			isa = XCConfigurationList;
			buildConfigurations = (
				928272042E93A83C00118C0D /* Debug */,
				928272052E93A83C00118C0D /* Release */,
			);
			defaultConfigurationIsVisible = 0;
			defaultConfigurationName = Release;
		};
		928272062E93A83C00118C0D /* Build configuration list for PBXNativeTarget "Demo-Speckit-messageApp" */ = {
			isa = XCConfigurationList;
			buildConfigurations = (
				928272072E93A83C00118C0D /* Debug */,
				928272082E93A83C00118C0D /* Release */,
			);
			defaultConfigurationIsVisible = 0;
			defaultConfigurationName = Release;
		};
		928272092E93A83C00118C0D /* Build configuration list for PBXNativeTarget "Demo-Speckit-messageAppTests" */ = {
			isa = XCConfigurationList;
			buildConfigurations = (
				9282720A2E93A83C00118C0D /* Debug */,
				9282720B2E93A83C00118C0D /* Release */,
			);
			defaultConfigurationIsVisible = 0;
			defaultConfigurationName = Release;
		};
		9282720C2E93A83C00118C0D /* Build configuration list for PBXNativeTarget "Demo-Speckit-messageAppUITests" */ = {
			isa = XCConfigurationList;
			buildConfigurations = (
				9282720D2E93A83C00118C0D /* Debug */,
				9282720E2E93A83C00118C0D /* Release */,
			);
			defaultConfigurationIsVisible = 0;
			defaultConfigurationName = Release;
		};
/* End XCConfigurationList section */
	};
	rootObject = 928271DD2E93A83A00118C0D /* Project object */;
}
